github.com/DanielAlmeidaJoao/goDistributedLibrary v1.0.4 h1:7eLWcI93VjYsnKE5jS1RXozNOGROhqOAe0FPQmr5LJM=
github.com/DanielAlmeidaJoao/goDistributedLibrary v1.0.4/go.mod h1:RhruwCaynavaDNWV3OwVnG6xFghe8WvBFnwJCnNDKHk=
github.com/DanielAlmeidaJoao/goDistributedLibrary v1.0.5 h1:ErdQhvHsAeSIH09/6JposIUU68AJg2fmq6IuiolpUn8=
github.com/DanielAlmeidaJoao/goDistributedLibrary v1.0.5/go.mod h1:YN4L14mGHAfcfeAp5Ckiu1ZEc7/GzIK1Q0NIGLDFxno=
github.com/orcaman/concurrent-map v1.0.0 h1:I/2A2XPCb4IuQWcQhBhSwGfiuybl/J0ev9HDbW65HOY=
github.com/orcaman/concurrent-map v1.0.0/go.mod h1:Lu3tH6HLW3feq74c2GC+jIMS/K2CFcDWnWD9XkenwhI=
golang.org/x/exp v0.0.0-20240222234643-814bf88cf225 h1:LfspQV/FYTatPTr/3HzIcmiUFH7PGP+OQ6mgDYo3yuQ=
golang.org/x/exp v0.0.0-20240222234643-814bf88cf225/go.mod h1:CxmFvTBINI24O/j8iY7H1xHzx2i4OsyguNBmN/uPtqc=
