github.com/DanielAlmeidaJoao/goDistributedLibrary v1.0.0 h1:h+FVU2t1PIXA68rJ5mWiwQ0aMYzsLb/xPdXSSDmzdvQ=
github.com/DanielAlmeidaJoao/goDistributedLibrary v1.0.0/go.mod h1:MD8ezpw45oFu4umd9NjGHdgja+wrcvX9E9FRw3tjOaQ=
github.com/DanielAlmeidaJoao/goDistributedLibrary v1.0.3 h1:NUJvNnYcibC4dlSz9y2gBw6w3rpU1sBmjDJ3jKduWrM=
github.com/DanielAlmeidaJoao/goDistributedLibrary v1.0.3/go.mod h1:RhruwCaynavaDNWV3OwVnG6xFghe8WvBFnwJCnNDKHk=
github.com/DanielAlmeidaJoao/goDistributedLibrary v1.0.4/go.mod h1:RhruwCaynavaDNWV3OwVnG6xFghe8WvBFnwJCnNDKHk=
github.com/DanielAlmeidaJoao/goDistributedLibrary v1.0.5 h1:ErdQhvHsAeSIH09/6JposIUU68AJg2fmq6IuiolpUn8=
github.com/DanielAlmeidaJoao/goDistributedLibrary v1.0.5/go.mod h1:YN4L14mGHAfcfeAp5Ckiu1ZEc7/GzIK1Q0NIGLDFxno=
github.com/DanielAlmeidaJoao/goDistributedLibrary v1.0.6 h1:0aG6b4slWoy7RVslGnWDw7MgMO4PVOtVFWnbbjyQYpQ=
github.com/DanielAlmeidaJoao/goDistributedLibrary v1.0.6/go.mod h1:YN4L14mGHAfcfeAp5Ckiu1ZEc7/GzIK1Q0NIGLDFxno=
github.com/DanielAlmeidaJoao/goDistributedLibrary v1.0.7 h1:2PGf5yBtC6USatkWa4zdVOF6Y3UBvUBU7PbPuGSZsfw=
github.com/DanielAlmeidaJoao/goDistributedLibrary v1.0.7/go.mod h1:YN4L14mGHAfcfeAp5Ckiu1ZEc7/GzIK1Q0NIGLDFxno=
github.com/DanielAlmeidaJoao/goDistributedLibrary v1.0.8 h1:xpmCCrmA87siCeQyBcpbjz/pyLEfdhXecd3HeEcOXM0=
github.com/DanielAlmeidaJoao/goDistributedLibrary v1.0.8/go.mod h1:YN4L14mGHAfcfeAp5Ckiu1ZEc7/GzIK1Q0NIGLDFxno=
github.com/DanielAlmeidaJoao/goDistributedLibrary v1.0.9 h1:MqEA9pgkr1yrKQchoepHCO91lhj1p+SwNF8+/yxwgc4=
github.com/DanielAlmeidaJoao/goDistributedLibrary v1.0.9/go.mod h1:YN4L14mGHAfcfeAp5Ckiu1ZEc7/GzIK1Q0NIGLDFxno=
github.com/DanielAlmeidaJoao/goDistributedLibrary v1.0.10 h1:6LeS4SqNGLeN6usA6XmZ9QUmZGnOVaOnkUukVYb3nZU=
github.com/DanielAlmeidaJoao/goDistributedLibrary v1.0.10/go.mod h1:YN4L14mGHAfcfeAp5Ckiu1ZEc7/GzIK1Q0NIGLDFxno=
github.com/DanielAlmeidaJoao/goDistributedLibrary v1.0.12 h1:jROF51zj3ZqBP69/swKr+hPdDPe+u1JuGGPAv+2Nw/8=
github.com/DanielAlmeidaJoao/goDistributedLibrary v1.0.12/go.mod h1:YN4L14mGHAfcfeAp5Ckiu1ZEc7/GzIK1Q0NIGLDFxno=
github.com/DanielAlmeidaJoao/goDistributedLibrary v1.0.13 h1:INWh0I01tfsN7ymIQrgMgKdDTT2eYACycdvrYOTvJe8=
github.com/DanielAlmeidaJoao/goDistributedLibrary v1.0.13/go.mod h1:YN4L14mGHAfcfeAp5Ckiu1ZEc7/GzIK1Q0NIGLDFxno=
github.com/DanielAlmeidaJoao/goDistributedLibrary v1.0.14 h1:1gTcsj0jsNduYttgp+lrAdqAVAFJ+k2DB4NNyaRjWOY=
github.com/DanielAlmeidaJoao/goDistributedLibrary v1.0.14/go.mod h1:YN4L14mGHAfcfeAp5Ckiu1ZEc7/GzIK1Q0NIGLDFxno=
